{
  "version": 4,
  "terraform_version": "1.10.3",
  "serial": 10,
  "lineage": "807e68a5-a808-3032-2d97-c4e3e3b45da9",
  "outputs": {},
  "resources": [
    {
      "mode": "data",
      "type": "aws_eks_cluster",
      "name": "cluster",
      "provider": "provider[\"registry.terraform.io/hashicorp/aws\"]",
      "instances": [
        {
          "schema_version": 0,
          "attributes": {
            "access_config": [
              {
                "authentication_mode": "API_AND_CONFIG_MAP",
                "bootstrap_cluster_creator_admin_permissions": true
              }
            ],
            "arn": "arn:aws:eks:us-east-2:536697237321:cluster/twoge-cluster-mw",
            "certificate_authority": [
              {
                "data": "LS0tLS1CRUdJTiBDRVJUSUZJQ0FURS0tLS0tCk1JSURCVENDQWUyZ0F3SUJBZ0lJZEwvb1BnOHpwNTR3RFFZSktvWklodmNOQVFFTEJRQXdGVEVUTUJFR0ExVUUKQXhNS2EzVmlaWEp1WlhSbGN6QWVGdzB5TlRBME1UTXhPRFExTkRGYUZ3MHpOVEEwTVRFeE9EVXdOREZhTUJVeApFekFSQmdOVkJBTVRDbXQxWW1WeWJtVjBaWE13Z2dFaU1BMEdDU3FHU0liM0RRRUJBUVVBQTRJQkR3QXdnZ0VLCkFvSUJBUURLdmVxVjF4WDdRc2Exei9HVk1LTHJuTDB3aGdWKzM2V0VPS1RMdE5KYUVKaW44QzBKclBldkJzYncKT0cxdDZPS1Nub2VIcitWZmxIV0VMNlg5TVNkdXFkRFRtbzY1RHUyVHpSMVdUaVhLa1NXcHZPOEREbEpzS0lkeApKU2ZBSGwzVmhFMjV0cHZBWkZWR1pQNjlpRXBuS241YmR2b3I1U2ttQm94RUo2WUIwUjhoVWV1SDRRNkFUaXQvCno5S1ZUdU9ValovV2twRDVEekJWOGV1UE5NMlpENUhwaXJqL0tJV1doYytUbWxDcXhFWURwTzduL0JRbmNjR1kKMTc2Yjg5MTZaVTh0U2tJQWZ2dGdCbndIS0pLbFNYaW1qdDArYW51ZVQvenQyZEJmM2srSE5wbTV3SVhjYVRTYgo5V2Q0eHNmRDFMbGdEL0tyOUpBRjBvYkRualR0QWdNQkFBR2pXVEJYTUE0R0ExVWREd0VCL3dRRUF3SUNwREFQCkJnTlZIUk1CQWY4RUJUQURBUUgvTUIwR0ExVWREZ1FXQkJUMzJqV3NpVjI4UUtVRVFsYTEyRVVXek5VUVVqQVYKQmdOVkhSRUVEakFNZ2dwcmRXSmxjbTVsZEdWek1BMEdDU3FHU0liM0RRRUJDd1VBQTRJQkFRQ2h5NFIzc2NzWQpNMWVXaThIdS9va2hpaCtIRFhTazRNeS92ZkRDSWFVZFB1em90UVNYWmtHb09yMWFCOStBaHNOTkVPYk9YcUlBCmVjZlhISTRKaDFGYkpQeHNYL0hEOXhQV3BqdlFGVlJMWDVXMHZwOW90VUR6S00xSU9WcExITFpqTlNJdTVKdzYKSHN6eTlIeUlBMEFIQWgxZWhISUN1K1liaVR3Ui8xekVaUHJsN29YdU5wdkdBVG9SbXUyQXF0TGRIQjViMzZLaAo5VzMrMlBTTDAvTHplWHdIRDBQVXhPaXpBM1U3KzZzblpZQUJrUnU1dXkxRzlZTlVoU2FXUkQ0K1lvZEVrcWJQCjY4MURNenBPcGI3dFg1ZWNGa2pNMWNWaEZUWXVWRW44WUhEZXE1QSt4MWRyeXU0UGVHQStMTXlydEVtdmhuSXQKYm9EMlRZK2x5UFBoCi0tLS0tRU5EIENFUlRJRklDQVRFLS0tLS0K"
              }
            ],
            "cluster_id": null,
            "compute_config": [],
            "created_at": "2025-04-13T18:46:42Z",
            "enabled_cluster_log_types": [],
            "endpoint": "https://860A48D6898F459B7F2486D2918CF414.gr7.us-east-2.eks.amazonaws.com",
            "id": "twoge-cluster-mw",
            "identity": [
              {
                "oidc": [
                  {
                    "issuer": "https://oidc.eks.us-east-2.amazonaws.com/id/860A48D6898F459B7F2486D2918CF414"
                  }
                ]
              }
            ],
            "kubernetes_network_config": [
              {
                "elastic_load_balancing": [
                  {
                    "enabled": false
                  }
                ],
                "ip_family": "ipv4",
                "service_ipv4_cidr": "10.100.0.0/16",
                "service_ipv6_cidr": ""
              }
            ],
            "name": "twoge-cluster-mw",
            "outpost_config": [],
            "platform_version": "eks.6",
            "remote_network_config": [],
            "role_arn": "arn:aws:iam::536697237321:role/eksctl-twoge-cluster-mw-cluster-ServiceRole-P0tz1fry7ax1",
            "status": "ACTIVE",
            "storage_config": [],
            "tags": {
              "Name": "eksctl-twoge-cluster-mw-cluster/ControlPlane",
              "alpha.eksctl.io/cluster-name": "twoge-cluster-mw",
              "alpha.eksctl.io/cluster-oidc-enabled": "false",
              "alpha.eksctl.io/eksctl-version": "0.207.0",
              "eksctl.cluster.k8s.io/v1alpha1/cluster-name": "twoge-cluster-mw"
            },
            "upgrade_policy": [
              {
                "support_type": "EXTENDED"
              }
            ],
            "version": "1.32",
            "vpc_config": [
              {
                "cluster_security_group_id": "sg-0cc8294cbe74d7111",
                "endpoint_private_access": false,
                "endpoint_public_access": true,
                "public_access_cidrs": [
                  "0.0.0.0/0"
                ],
                "security_group_ids": [
                  "sg-00ce173b520672a1e"
                ],
                "subnet_ids": [
                  "subnet-01865d6f8bebedb5c",
                  "subnet-060d5d06144de517d",
                  "subnet-0794bdec5ab72bd26",
                  "subnet-0ab923059004fe3ae",
                  "subnet-0d1b0bd17574005db",
                  "subnet-0e5f0fcd90fff801d"
                ],
                "vpc_id": "vpc-0d2cc5ff09291f19a"
              }
            ],
            "zonal_shift_config": []
          },
          "sensitive_attributes": []
        }
      ]
    },
    {
      "mode": "managed",
      "type": "kubernetes_config_map",
      "name": "twoge_config",
      "provider": "provider[\"registry.terraform.io/hashicorp/kubernetes\"]",
      "instances": [
        {
          "schema_version": 0,
          "attributes": {
            "binary_data": null,
            "data": {
              "DB_DATABASE": "twoge",
              "DB_HOST": "postgres-service",
              "DB_PORT": "5432"
            },
            "id": "twoge-app/twoge-config",
            "immutable": false,
            "metadata": [
              {
                "annotations": null,
                "generate_name": "",
                "generation": 0,
                "labels": null,
                "name": "twoge-config",
                "namespace": "twoge-app",
                "resource_version": "3747",
                "uid": "9b8f36af-1a1a-41af-812d-e68ed631b95c"
              }
            ]
          },
          "sensitive_attributes": [],
          "private": "bnVsbA==",
          "dependencies": [
            "data.aws_eks_cluster.cluster",
            "kubernetes_namespace.twoge_app"
          ]
        }
      ]
    },
    {
      "mode": "managed",
      "type": "kubernetes_deployment",
      "name": "twoge",
      "provider": "provider[\"registry.terraform.io/hashicorp/kubernetes\"]",
      "instances": [
        {
          "status": "tainted",
          "schema_version": 1,
          "attributes": {
            "id": "twoge-app/twoge-deployment",
            "metadata": [
              {
                "annotations": null,
                "generate_name": "",
                "generation": 0,
                "labels": {
                  "app": "twoge"
                },
                "name": "twoge-deployment",
                "namespace": "twoge-app",
                "resource_version": "",
                "uid": ""
              }
            ],
            "spec": [
              {
                "min_ready_seconds": 0,
                "paused": false,
                "progress_deadline_seconds": 600,
                "replicas": "2",
                "revision_history_limit": 10,
                "selector": [
                  {
                    "match_expressions": [],
                    "match_labels": {
                      "app": "twoge"
                    }
                  }
                ],
                "strategy": [],
                "template": [
                  {
                    "metadata": [
                      {
                        "annotations": null,
                        "generate_name": "",
                        "generation": 0,
                        "labels": {
                          "app": "twoge"
                        },
                        "name": "",
                        "namespace": "",
                        "resource_version": "",
                        "uid": ""
                      }
                    ],
                    "spec": [
                      {
                        "active_deadline_seconds": 0,
                        "affinity": [],
                        "automount_service_account_token": true,
                        "container": [
                          {
                            "args": null,
                            "command": null,
                            "env": [
                              {
                                "name": "FLASK_APP",
                                "value": "app.py",
                                "value_from": []
                              },
                              {
                                "name": "FLASK_RUN_HOST",
                                "value": "0.0.0.0",
                                "value_from": []
                              },
                              {
                                "name": "FLASK_RUN_PORT",
                                "value": "8080",
                                "value_from": []
                              },
                              {
                                "name": "DB_HOST",
                                "value": "",
                                "value_from": [
                                  {
                                    "config_map_key_ref": [
                                      {
                                        "key": "DB_HOST",
                                        "name": "twoge-config",
                                        "optional": false
                                      }
                                    ],
                                    "field_ref": [],
                                    "resource_field_ref": [],
                                    "secret_key_ref": []
                                  }
                                ]
                              },
                              {
                                "name": "DB_PORT",
                                "value": "",
                                "value_from": [
                                  {
                                    "config_map_key_ref": [
                                      {
                                        "key": "DB_PORT",
                                        "name": "twoge-config",
                                        "optional": false
                                      }
                                    ],
                                    "field_ref": [],
                                    "resource_field_ref": [],
                                    "secret_key_ref": []
                                  }
                                ]
                              },
                              {
                                "name": "DB_DATABASE",
                                "value": "",
                                "value_from": [
                                  {
                                    "config_map_key_ref": [
                                      {
                                        "key": "DB_DATABASE",
                                        "name": "twoge-config",
                                        "optional": false
                                      }
                                    ],
                                    "field_ref": [],
                                    "resource_field_ref": [],
                                    "secret_key_ref": []
                                  }
                                ]
                              },
                              {
                                "name": "DB_USER",
                                "value": "",
                                "value_from": [
                                  {
                                    "config_map_key_ref": [],
                                    "field_ref": [],
                                    "resource_field_ref": [],
                                    "secret_key_ref": [
                                      {
                                        "key": "DB_USER",
                                        "name": "twoge-secrets",
                                        "optional": false
                                      }
                                    ]
                                  }
                                ]
                              },
                              {
                                "name": "DB_PASSWORD",
                                "value": "",
                                "value_from": [
                                  {
                                    "config_map_key_ref": [],
                                    "field_ref": [],
                                    "resource_field_ref": [],
                                    "secret_key_ref": [
                                      {
                                        "key": "DB_PASSWORD",
                                        "name": "twoge-secrets",
                                        "optional": false
                                      }
                                    ]
                                  }
                                ]
                              }
                            ],
                            "env_from": [],
                            "image": "mikhailg215/twoge:1.0.0",
                            "image_pull_policy": "",
                            "lifecycle": [],
                            "liveness_probe": [
                              {
                                "exec": [],
                                "failure_threshold": 3,
                                "grpc": [],
                                "http_get": [
                                  {
                                    "host": "",
                                    "http_header": [],
                                    "path": "/",
                                    "port": "8080",
                                    "scheme": "HTTP"
                                  }
                                ],
                                "initial_delay_seconds": 30,
                                "period_seconds": 10,
                                "success_threshold": 1,
                                "tcp_socket": [],
                                "timeout_seconds": 5
                              }
                            ],
                            "name": "twoge",
                            "port": [
                              {
                                "container_port": 8080,
                                "host_ip": "",
                                "host_port": 0,
                                "name": "",
                                "protocol": "TCP"
                              }
                            ],
                            "readiness_probe": [
                              {
                                "exec": [],
                                "failure_threshold": 3,
                                "grpc": [],
                                "http_get": [
                                  {
                                    "host": "",
                                    "http_header": [],
                                    "path": "/",
                                    "port": "8080",
                                    "scheme": "HTTP"
                                  }
                                ],
                                "initial_delay_seconds": 5,
                                "period_seconds": 10,
                                "success_threshold": 1,
                                "tcp_socket": [],
                                "timeout_seconds": 1
                              }
                            ],
                            "resources": [
                              {
                                "limits": {
                                  "cpu": "200m",
                                  "memory": "256Mi"
                                },
                                "requests": {
                                  "cpu": "100m",
                                  "memory": "128Mi"
                                }
                              }
                            ],
                            "security_context": [],
                            "startup_probe": [],
                            "stdin": false,
                            "stdin_once": false,
                            "termination_message_path": "/dev/termination-log",
                            "termination_message_policy": "",
                            "tty": false,
                            "volume_device": [],
                            "volume_mount": [],
                            "working_dir": ""
                          }
                        ],
                        "dns_config": [],
                        "dns_policy": "ClusterFirst",
                        "enable_service_links": true,
                        "host_aliases": [],
                        "host_ipc": false,
                        "host_network": false,
                        "host_pid": false,
                        "hostname": "",
                        "image_pull_secrets": [],
                        "init_container": [],
                        "node_name": "",
                        "node_selector": null,
                        "os": [],
                        "priority_class_name": "",
                        "readiness_gate": [],
                        "restart_policy": "Always",
                        "runtime_class_name": "",
                        "scheduler_name": "",
                        "security_context": [],
                        "service_account_name": "",
                        "share_process_namespace": false,
                        "subdomain": "",
                        "termination_grace_period_seconds": 30,
                        "toleration": [],
                        "topology_spread_constraint": [],
                        "volume": []
                      }
                    ]
                  }
                ]
              }
            ],
            "timeouts": null,
            "wait_for_rollout": true
          },
          "sensitive_attributes": [],
          "private": "eyJlMmJmYjczMC1lY2FhLTExZTYtOGY4OC0zNDM2M2JjN2M0YzAiOnsiY3JlYXRlIjo2MDAwMDAwMDAwMDAsImRlbGV0ZSI6NjAwMDAwMDAwMDAwLCJ1cGRhdGUiOjYwMDAwMDAwMDAwMH0sInNjaGVtYV92ZXJzaW9uIjoiMSJ9",
          "dependencies": [
            "data.aws_eks_cluster.cluster",
            "kubernetes_config_map.twoge_config",
            "kubernetes_namespace.twoge_app",
            "kubernetes_secret.twoge_secrets"
          ]
        }
      ]
    },
    {
      "mode": "managed",
      "type": "kubernetes_namespace",
      "name": "twoge_app",
      "provider": "provider[\"registry.terraform.io/hashicorp/kubernetes\"]",
      "instances": [
        {
          "schema_version": 0,
          "attributes": {
            "id": "twoge-app",
            "metadata": [
              {
                "annotations": null,
                "generate_name": "",
                "generation": 0,
                "labels": {
                  "name": "twoge-app"
                },
                "name": "twoge-app",
                "resource_version": "3742",
                "uid": "2f29d363-b1a7-45a0-8176-340ef5656ff5"
              }
            ],
            "timeouts": null,
            "wait_for_default_service_account": false
          },
          "sensitive_attributes": [],
          "private": "eyJlMmJmYjczMC1lY2FhLTExZTYtOGY4OC0zNDM2M2JjN2M0YzAiOnsiZGVsZXRlIjozMDAwMDAwMDAwMDB9fQ==",
          "dependencies": [
            "data.aws_eks_cluster.cluster"
          ]
        }
      ]
    },
    {
      "mode": "managed",
      "type": "kubernetes_persistent_volume_claim",
      "name": "postgres_pvc",
      "provider": "provider[\"registry.terraform.io/hashicorp/kubernetes\"]",
      "instances": [
        {
          "status": "tainted",
          "schema_version": 0,
          "attributes": {
            "id": "twoge-app/postgres-pvc",
            "metadata": [
              {
                "annotations": null,
                "generate_name": "",
                "generation": 0,
                "labels": null,
                "name": "postgres-pvc",
                "namespace": "twoge-app",
                "resource_version": "",
                "uid": ""
              }
            ],
            "spec": [
              {
                "access_modes": [
                  "ReadWriteOnce"
                ],
                "resources": [
                  {
                    "limits": null,
                    "requests": {
                      "storage": "1Gi"
                    }
                  }
                ],
                "selector": [],
                "storage_class_name": "gp3",
                "volume_mode": "",
                "volume_name": ""
              }
            ],
            "timeouts": null,
            "wait_until_bound": true
          },
          "sensitive_attributes": [],
          "private": "eyJlMmJmYjczMC1lY2FhLTExZTYtOGY4OC0zNDM2M2JjN2M0YzAiOnsiY3JlYXRlIjozMDAwMDAwMDAwMDB9fQ==",
          "dependencies": [
            "data.aws_eks_cluster.cluster",
            "kubernetes_namespace.twoge_app",
            "kubernetes_storage_class.gp3"
          ]
        }
      ]
    },
    {
      "mode": "managed",
      "type": "kubernetes_resource_quota",
      "name": "twoge_quota",
      "provider": "provider[\"registry.terraform.io/hashicorp/kubernetes\"]",
      "instances": [
        {
          "schema_version": 0,
          "attributes": {
            "id": "twoge-app/twoge-quota",
            "metadata": [
              {
                "annotations": null,
                "generate_name": "",
                "generation": 0,
                "labels": null,
                "name": "twoge-quota",
                "namespace": "twoge-app",
                "resource_version": "3750",
                "uid": "3c0b63db-e09d-4fd3-a399-09cbad651388"
              }
            ],
            "spec": [
              {
                "hard": {
                  "limits.cpu": "2",
                  "limits.memory": "2Gi",
                  "pods": "10",
                  "requests.cpu": "1",
                  "requests.memory": "1Gi"
                },
                "scope_selector": [],
                "scopes": null
              }
            ],
            "timeouts": null
          },
          "sensitive_attributes": [],
          "private": "eyJlMmJmYjczMC1lY2FhLTExZTYtOGY4OC0zNDM2M2JjN2M0YzAiOnsiY3JlYXRlIjo2MDAwMDAwMDAwMCwidXBkYXRlIjo2MDAwMDAwMDAwMH19",
          "dependencies": [
            "data.aws_eks_cluster.cluster",
            "kubernetes_namespace.twoge_app"
          ]
        }
      ]
    },
    {
      "mode": "managed",
      "type": "kubernetes_secret",
      "name": "twoge_secrets",
      "provider": "provider[\"registry.terraform.io/hashicorp/kubernetes\"]",
      "instances": [
        {
          "schema_version": 0,
          "attributes": {
            "binary_data": null,
            "binary_data_wo": null,
            "binary_data_wo_revision": null,
            "data": {
              "DB_PASSWORD": "cG9zdGdyZXM=",
              "DB_USER": "cG9zdGdyZXM="
            },
            "data_wo": null,
            "data_wo_revision": null,
            "id": "twoge-app/twoge-secrets",
            "immutable": false,
            "metadata": [
              {
                "annotations": null,
                "generate_name": "",
                "generation": 0,
                "labels": null,
                "name": "twoge-secrets",
                "namespace": "twoge-app",
                "resource_version": "3749",
                "uid": "04bba8f5-1104-432a-8322-3fc708101674"
              }
            ],
            "timeouts": null,
            "type": "Opaque",
            "wait_for_service_account_token": true
          },
          "sensitive_attributes": [
            [
              {
                "type": "get_attr",
                "value": "data"
              }
            ],
            [
              {
                "type": "get_attr",
                "value": "data"
              },
              {
                "type": "index",
                "value": {
                  "value": "DB_PASSWORD",
                  "type": "string"
                }
              }
            ],
            [
              {
                "type": "get_attr",
                "value": "binary_data"
              }
            ]
          ],
          "private": "eyJlMmJmYjczMC1lY2FhLTExZTYtOGY4OC0zNDM2M2JjN2M0YzAiOnsiY3JlYXRlIjo2MDAwMDAwMDAwMH19",
          "dependencies": [
            "data.aws_eks_cluster.cluster",
            "kubernetes_namespace.twoge_app"
          ]
        }
      ]
    },
    {
      "mode": "managed",
      "type": "kubernetes_service",
      "name": "postgres",
      "provider": "provider[\"registry.terraform.io/hashicorp/kubernetes\"]",
      "instances": [
        {
          "schema_version": 1,
          "attributes": {
            "id": "twoge-app/postgres-service",
            "metadata": [
              {
                "annotations": null,
                "generate_name": "",
                "generation": 0,
                "labels": null,
                "name": "postgres-service",
                "namespace": "twoge-app",
                "resource_version": "3756",
                "uid": "18582f2b-8848-4d77-ac4c-c98095b46fd0"
              }
            ],
            "spec": [
              {
                "allocate_load_balancer_node_ports": true,
                "cluster_ip": "10.100.48.44",
                "cluster_ips": [
                  "10.100.48.44"
                ],
                "external_ips": null,
                "external_name": "",
                "external_traffic_policy": "",
                "health_check_node_port": 0,
                "internal_traffic_policy": "Cluster",
                "ip_families": [
                  "IPv4"
                ],
                "ip_family_policy": "SingleStack",
                "load_balancer_class": "",
                "load_balancer_ip": "",
                "load_balancer_source_ranges": null,
                "port": [
                  {
                    "app_protocol": "",
                    "name": "",
                    "node_port": 0,
                    "port": 5432,
                    "protocol": "TCP",
                    "target_port": "5432"
                  }
                ],
                "publish_not_ready_addresses": false,
                "selector": {
                  "app": "postgres"
                },
                "session_affinity": "None",
                "session_affinity_config": [],
                "type": "ClusterIP"
              }
            ],
            "status": [
              {
                "load_balancer": [
                  {
                    "ingress": []
                  }
                ]
              }
            ],
            "timeouts": null,
            "wait_for_load_balancer": true
          },
          "sensitive_attributes": [],
          "private": "eyJlMmJmYjczMC1lY2FhLTExZTYtOGY4OC0zNDM2M2JjN2M0YzAiOnsiY3JlYXRlIjo2MDAwMDAwMDAwMDB9LCJzY2hlbWFfdmVyc2lvbiI6IjEifQ==",
          "dependencies": [
            "data.aws_eks_cluster.cluster",
            "kubernetes_namespace.twoge_app"
          ]
        }
      ]
    },
    {
      "mode": "managed",
      "type": "kubernetes_service",
      "name": "twoge",
      "provider": "provider[\"registry.terraform.io/hashicorp/kubernetes\"]",
      "instances": [
        {
          "schema_version": 1,
          "attributes": {
            "id": "twoge-app/twoge-service",
            "metadata": [
              {
                "annotations": null,
                "generate_name": "",
                "generation": 0,
                "labels": null,
                "name": "twoge-service",
                "namespace": "twoge-app",
                "resource_version": "3790",
                "uid": "54d2790b-e8cb-498a-a6c9-f7331d7d4c18"
              }
            ],
            "spec": [
              {
                "allocate_load_balancer_node_ports": true,
                "cluster_ip": "10.100.113.110",
                "cluster_ips": [
                  "10.100.113.110"
                ],
                "external_ips": null,
                "external_name": "",
                "external_traffic_policy": "Cluster",
                "health_check_node_port": 0,
                "internal_traffic_policy": "Cluster",
                "ip_families": [
                  "IPv4"
                ],
                "ip_family_policy": "SingleStack",
                "load_balancer_class": "",
                "load_balancer_ip": "",
                "load_balancer_source_ranges": null,
                "port": [
                  {
                    "app_protocol": "",
                    "name": "",
                    "node_port": 32713,
                    "port": 8080,
                    "protocol": "TCP",
                    "target_port": "8080"
                  }
                ],
                "publish_not_ready_addresses": false,
                "selector": {
                  "app": "twoge"
                },
                "session_affinity": "None",
                "session_affinity_config": [],
                "type": "LoadBalancer"
              }
            ],
            "status": [
              {
                "load_balancer": [
                  {
                    "ingress": [
                      {
                        "hostname": "a54d2790be8cb498aa6c9f7331d7d4c1-837200243.us-east-2.elb.amazonaws.com",
                        "ip": ""
                      }
                    ]
                  }
                ]
              }
            ],
            "timeouts": null,
            "wait_for_load_balancer": true
          },
          "sensitive_attributes": [],
          "private": "eyJlMmJmYjczMC1lY2FhLTExZTYtOGY4OC0zNDM2M2JjN2M0YzAiOnsiY3JlYXRlIjo2MDAwMDAwMDAwMDB9LCJzY2hlbWFfdmVyc2lvbiI6IjEifQ==",
          "dependencies": [
            "data.aws_eks_cluster.cluster",
            "kubernetes_namespace.twoge_app"
          ]
        }
      ]
    },
    {
      "mode": "managed",
      "type": "kubernetes_storage_class",
      "name": "gp3",
      "provider": "provider[\"registry.terraform.io/hashicorp/kubernetes\"]",
      "instances": [
        {
          "schema_version": 0,
          "attributes": {
            "allow_volume_expansion": true,
            "allowed_topologies": [],
            "id": "gp3",
            "metadata": [
              {
                "annotations": null,
                "generate_name": "",
                "generation": 0,
                "labels": null,
                "name": "gp3",
                "resource_version": "3743",
                "uid": "7f8870ab-3020-48e7-a447-1799f1a61091"
              }
            ],
            "mount_options": null,
            "parameters": {
              "fsType": "ext4",
              "type": "gp3"
            },
            "reclaim_policy": "Delete",
            "storage_provisioner": "ebs.csi.aws.com",
            "volume_binding_mode": "WaitForFirstConsumer"
          },
          "sensitive_attributes": [],
          "private": "bnVsbA==",
          "dependencies": [
            "data.aws_eks_cluster.cluster"
          ]
        }
      ]
    }
  ],
  "check_results": null
}
